// !$*UTF8*$!
{
	archiveVersion = 1;
	classes = {
	};
	objectVersion = 46;
	objects = {

/* Begin PBXBuildFile section */
		7C3DCCA61F2F531B00C096FF /* Colors.swift in Sources */ = {isa = PBXBuildFile; fileRef = 7C3DCCA51F2F531B00C096FF /* Colors.swift */; };
		7C3DCCA81F2F556600C096FF /* VoiceSynthesizer.swift in Sources */ = {isa = PBXBuildFile; fileRef = 7C3DCCA71F2F556600C096FF /* VoiceSynthesizer.swift */; };
		7C3DCCAB1F2F66C900C096FF /* SpeechRecognitionSession.swift in Sources */ = {isa = PBXBuildFile; fileRef = 7C3DCCAA1F2F66C900C096FF /* SpeechRecognitionSession.swift */; };
		7C3DCCAD1F2F672500C096FF /* SpeechRecognitionEngine.swift in Sources */ = {isa = PBXBuildFile; fileRef = 7C3DCCAC1F2F672500C096FF /* SpeechRecognitionEngine.swift */; };
		7CC3B9A91F2E1AC100409BDE /* AppDelegate.swift in Sources */ = {isa = PBXBuildFile; fileRef = 7CC3B9A81F2E1AC100409BDE /* AppDelegate.swift */; };
		7CC3B9AE1F2E1AC100409BDE /* Main.storyboard in Resources */ = {isa = PBXBuildFile; fileRef = 7CC3B9AC1F2E1AC100409BDE /* Main.storyboard */; };
		7CC3B9B01F2E1AC100409BDE /* Assets.xcassets in Resources */ = {isa = PBXBuildFile; fileRef = 7CC3B9AF1F2E1AC100409BDE /* Assets.xcassets */; };
		7CC3B9B31F2E1AC100409BDE /* LaunchScreen.storyboard in Resources */ = {isa = PBXBuildFile; fileRef = 7CC3B9B11F2E1AC100409BDE /* LaunchScreen.storyboard */; };
		7CC3B9BB1F2E1ADA00409BDE /* SpeechRecognition.swift in Sources */ = {isa = PBXBuildFile; fileRef = 7CC3B9BA1F2E1ADA00409BDE /* SpeechRecognition.swift */; };
		7CC3B9BE1F2E331000409BDE /* Evaluate.swift in Sources */ = {isa = PBXBuildFile; fileRef = 7CC3B9BC1F2E331000409BDE /* Evaluate.swift */; };
		7CC3B9BF1F2E331000409BDE /* Parsing.swift in Sources */ = {isa = PBXBuildFile; fileRef = 7CC3B9BD1F2E331000409BDE /* Parsing.swift */; };
		7CC3B9C11F2F2EFE00409BDE /* VoiceCalculation.swift in Sources */ = {isa = PBXBuildFile; fileRef = 7CC3B9C01F2F2EFE00409BDE /* VoiceCalculation.swift */; };
		7CC3B9C31F2F32C800409BDE /* ThreadSafe.swift in Sources */ = {isa = PBXBuildFile; fileRef = 7CC3B9C21F2F32C800409BDE /* ThreadSafe.swift */; };
		7CC3B9C51F2F38D400409BDE /* VoiceCalculationViewController.swift in Sources */ = {isa = PBXBuildFile; fileRef = 7CC3B9C41F2F38D400409BDE /* VoiceCalculationViewController.swift */; };
/* End PBXBuildFile section */

/* Begin PBXFileReference section */
		7C3DCCA51F2F531B00C096FF /* Colors.swift */ = {isa = PBXFileReference; fileEncoding = 4; lastKnownFileType = sourcecode.swift; path = Colors.swift; sourceTree = "<group>"; };
		7C3DCCA71F2F556600C096FF /* VoiceSynthesizer.swift */ = {isa = PBXFileReference; fileEncoding = 4; lastKnownFileType = sourcecode.swift; path = VoiceSynthesizer.swift; sourceTree = "<group>"; };
		7C3DCCAA1F2F66C900C096FF /* SpeechRecognitionSession.swift */ = {isa = PBXFileReference; fileEncoding = 4; lastKnownFileType = sourcecode.swift; path = SpeechRecognitionSession.swift; sourceTree = "<group>"; };
		7C3DCCAC1F2F672500C096FF /* SpeechRecognitionEngine.swift */ = {isa = PBXFileReference; fileEncoding = 4; lastKnownFileType = sourcecode.swift; path = SpeechRecognitionEngine.swift; sourceTree = "<group>"; };
		7CC3B9A51F2E1AC100409BDE /* Voice Calculator.app */ = {isa = PBXFileReference; explicitFileType = wrapper.application; includeInIndex = 0; path = "Voice Calculator.app"; sourceTree = BUILT_PRODUCTS_DIR; };
		7CC3B9A81F2E1AC100409BDE /* AppDelegate.swift */ = {isa = PBXFileReference; lastKnownFileType = sourcecode.swift; path = AppDelegate.swift; sourceTree = "<group>"; };
		7CC3B9AD1F2E1AC100409BDE /* Base */ = {isa = PBXFileReference; lastKnownFileType = file.storyboard; name = Base; path = Base.lproj/Main.storyboard; sourceTree = "<group>"; };
		7CC3B9AF1F2E1AC100409BDE /* Assets.xcassets */ = {isa = PBXFileReference; lastKnownFileType = folder.assetcatalog; path = Assets.xcassets; sourceTree = "<group>"; };
		7CC3B9B21F2E1AC100409BDE /* Base */ = {isa = PBXFileReference; lastKnownFileType = file.storyboard; name = Base; path = Base.lproj/LaunchScreen.storyboard; sourceTree = "<group>"; };
		7CC3B9B41F2E1AC100409BDE /* Info.plist */ = {isa = PBXFileReference; lastKnownFileType = text.plist.xml; path = Info.plist; sourceTree = "<group>"; };
		7CC3B9BA1F2E1ADA00409BDE /* SpeechRecognition.swift */ = {isa = PBXFileReference; fileEncoding = 4; lastKnownFileType = sourcecode.swift; path = SpeechRecognition.swift; sourceTree = "<group>"; };
		7CC3B9BC1F2E331000409BDE /* Evaluate.swift */ = {isa = PBXFileReference; fileEncoding = 4; lastKnownFileType = sourcecode.swift; path = Evaluate.swift; sourceTree = "<group>"; };
		7CC3B9BD1F2E331000409BDE /* Parsing.swift */ = {isa = PBXFileReference; fileEncoding = 4; lastKnownFileType = sourcecode.swift; path = Parsing.swift; sourceTree = "<group>"; };
		7CC3B9C01F2F2EFE00409BDE /* VoiceCalculation.swift */ = {isa = PBXFileReference; fileEncoding = 4; lastKnownFileType = sourcecode.swift; path = VoiceCalculation.swift; sourceTree = "<group>"; };
		7CC3B9C21F2F32C800409BDE /* ThreadSafe.swift */ = {isa = PBXFileReference; fileEncoding = 4; lastKnownFileType = sourcecode.swift; path = ThreadSafe.swift; sourceTree = "<group>"; };
		7CC3B9C41F2F38D400409BDE /* VoiceCalculationViewController.swift */ = {isa = PBXFileReference; fileEncoding = 4; lastKnownFileType = sourcecode.swift; path = VoiceCalculationViewController.swift; sourceTree = "<group>"; };
/* End PBXFileReference section */

/* Begin PBXFrameworksBuildPhase section */
		7CC3B9A21F2E1AC100409BDE /* Frameworks */ = {
			isa = PBXFrameworksBuildPhase;
			buildActionMask = 2147483647;
			files = (
			);
			runOnlyForDeploymentPostprocessing = 0;
		};
/* End PBXFrameworksBuildPhase section */

/* Begin PBXGroup section */
		7C3DCCA91F2F66B600C096FF /* Recognition */ = {
			isa = PBXGroup;
			children = (
				7CC3B9BA1F2E1ADA00409BDE /* SpeechRecognition.swift */,
				7C3DCCAA1F2F66C900C096FF /* SpeechRecognitionSession.swift */,
				7C3DCCAC1F2F672500C096FF /* SpeechRecognitionEngine.swift */,
			);
			name = Recognition;
			sourceTree = "<group>";
		};
		7C3DCCAE1F2F736C00C096FF /* Evaluation */ = {
			isa = PBXGroup;
			children = (
				7CC3B9BC1F2E331000409BDE /* Evaluate.swift */,
				7CC3B9BD1F2E331000409BDE /* Parsing.swift */,
			);
			name = Evaluation;
			sourceTree = "<group>";
		};
		7C3DCCAF1F2F737A00C096FF /* Additional */ = {
			isa = PBXGroup;
			children = (
				7C3DCCA51F2F531B00C096FF /* Colors.swift */,
				7CC3B9C21F2F32C800409BDE /* ThreadSafe.swift */,
			);
			name = Additional;
			sourceTree = "<group>";
		};
		7CC3B99C1F2E1AC100409BDE = {
			isa = PBXGroup;
			children = (
				7CC3B9A71F2E1AC100409BDE /* Voice Calculator */,
				7CC3B9A61F2E1AC100409BDE /* Products */,
			);
			sourceTree = "<group>";
		};
		7CC3B9A61F2E1AC100409BDE /* Products */ = {
			isa = PBXGroup;
			children = (
				7CC3B9A51F2E1AC100409BDE /* Voice Calculator.app */,
			);
			name = Products;
			sourceTree = "<group>";
		};
		7CC3B9A71F2E1AC100409BDE /* Voice Calculator */ = {
			isa = PBXGroup;
			children = (
				7C3DCCAF1F2F737A00C096FF /* Additional */,
				7C3DCCAE1F2F736C00C096FF /* Evaluation */,
				7C3DCCA91F2F66B600C096FF /* Recognition */,
				7CC3B9A81F2E1AC100409BDE /* AppDelegate.swift */,
				7CC3B9C01F2F2EFE00409BDE /* VoiceCalculation.swift */,
				7C3DCCA71F2F556600C096FF /* VoiceSynthesizer.swift */,
				7CC3B9AC1F2E1AC100409BDE /* Main.storyboard */,
				7CC3B9AF1F2E1AC100409BDE /* Assets.xcassets */,
				7CC3B9B11F2E1AC100409BDE /* LaunchScreen.storyboard */,
				7CC3B9B41F2E1AC100409BDE /* Info.plist */,
				7CC3B9C41F2F38D400409BDE /* VoiceCalculationViewController.swift */,
			);
			path = "Voice Calculator";
			sourceTree = "<group>";
		};
/* End PBXGroup section */

/* Begin PBXNativeTarget section */
		7CC3B9A41F2E1AC100409BDE /* Voice Calculator */ = {
			isa = PBXNativeTarget;
			buildConfigurationList = 7CC3B9B71F2E1AC100409BDE /* Build configuration list for PBXNativeTarget "Voice Calculator" */;
			buildPhases = (
				7CC3B9A11F2E1AC100409BDE /* Sources */,
				7CC3B9A21F2E1AC100409BDE /* Frameworks */,
				7CC3B9A31F2E1AC100409BDE /* Resources */,
			);
			buildRules = (
			);
			dependencies = (
			);
			name = "Voice Calculator";
			productName = "Voice Calculator";
			productReference = 7CC3B9A51F2E1AC100409BDE /* Voice Calculator.app */;
			productType = "com.apple.product-type.application";
		};
/* End PBXNativeTarget section */

/* Begin PBXProject section */
		7CC3B99D1F2E1AC100409BDE /* Project object */ = {
			isa = PBXProject;
			attributes = {
				LastSwiftUpdateCheck = 0830;
				LastUpgradeCheck = 0830;
				ORGANIZATIONNAME = "Oleg Dreyman";
				TargetAttributes = {
					7CC3B9A41F2E1AC100409BDE = {
						CreatedOnToolsVersion = 8.3.3;
						DevelopmentTeam = 8E9Y56P64W;
						ProvisioningStyle = Automatic;
					};
				};
			};
			buildConfigurationList = 7CC3B9A01F2E1AC100409BDE /* Build configuration list for PBXProject "Voice Calculator" */;
			compatibilityVersion = "Xcode 3.2";
			developmentRegion = English;
			hasScannedForEncodings = 0;
			knownRegions = (
				en,
				Base,
			);
			mainGroup = 7CC3B99C1F2E1AC100409BDE;
			productRefGroup = 7CC3B9A61F2E1AC100409BDE /* Products */;
			projectDirPath = "";
			projectRoot = "";
			targets = (
				7CC3B9A41F2E1AC100409BDE /* Voice Calculator */,
			);
		};
/* End PBXProject section */

/* Begin PBXResourcesBuildPhase section */
		7CC3B9A31F2E1AC100409BDE /* Resources */ = {
			isa = PBXResourcesBuildPhase;
			buildActionMask = 2147483647;
			files = (
				7CC3B9B31F2E1AC100409BDE /* LaunchScreen.storyboard in Resources */,
				7CC3B9B01F2E1AC100409BDE /* Assets.xcassets in Resources */,
				7CC3B9AE1F2E1AC100409BDE /* Main.storyboard in Resources */,
			);
			runOnlyForDeploymentPostprocessing = 0;
		};
/* End PBXResourcesBuildPhase section */

/* Begin PBXSourcesBuildPhase section */
		7CC3B9A11F2E1AC100409BDE /* Sources */ = {
			isa = PBXSourcesBuildPhase;
			buildActionMask = 2147483647;
			files = (
				7C3DCCAB1F2F66C900C096FF /* SpeechRecognitionSession.swift in Sources */,
				7CC3B9BE1F2E331000409BDE /* Evaluate.swift in Sources */,
				7C3DCCA61F2F531B00C096FF /* Colors.swift in Sources */,
				7C3DCCA81F2F556600C096FF /* VoiceSynthesizer.swift in Sources */,
				7CC3B9BF1F2E331000409BDE /* Parsing.swift in Sources */,
				7CC3B9C11F2F2EFE00409BDE /* VoiceCalculation.swift in Sources */,
				7CC3B9C51F2F38D400409BDE /* VoiceCalculationViewController.swift in Sources */,
				7CC3B9BB1F2E1ADA00409BDE /* SpeechRecognition.swift in Sources */,
				7C3DCCAD1F2F672500C096FF /* SpeechRecognitionEngine.swift in Sources */,
				7CC3B9C31F2F32C800409BDE /* ThreadSafe.swift in Sources */,
				7CC3B9A91F2E1AC100409BDE /* AppDelegate.swift in Sources */,
			);
			runOnlyForDeploymentPostprocessing = 0;
		};
/* End PBXSourcesBuildPhase section */

/* Begin PBXVariantGroup section */
		7CC3B9AC1F2E1AC100409BDE /* Main.storyboard */ = {
			isa = PBXVariantGroup;
			children = (
				7CC3B9AD1F2E1AC100409BDE /* Base */,
			);
			name = Main.storyboard;
			sourceTree = "<group>";
		};
		7CC3B9B11F2E1AC100409BDE /* LaunchScreen.storyboard */ = {
			isa = PBXVariantGroup;
			children = (
				7CC3B9B21F2E1AC100409BDE /* Base */,
			);
			name = LaunchScreen.storyboard;
			sourceTree = "<group>";
		};
/* End PBXVariantGroup section */

/* Begin XCBuildConfiguration section */
		7CC3B9B51F2E1AC100409BDE /* Debug */ = {
			isa = XCBuildConfiguration;
			buildSettings = {
				ALWAYS_SEARCH_USER_PATHS = NO;
				CLANG_ANALYZER_NONNULL = YES;
				CLANG_ANALYZER_NUMBER_OBJECT_CONVERSION = YES_AGGRESSIVE;
				CLANG_CXX_LANGUAGE_STANDARD = "gnu++0x";
				CLANG_CXX_LIBRARY = "libc++";
				CLANG_ENABLE_MODULES = YES;
				CLANG_ENABLE_OBJC_ARC = YES;
				CLANG_WARN_BOOL_CONVERSION = YES;
				CLANG_WARN_CONSTANT_CONVERSION = YES;
				CLANG_WARN_DIRECT_OBJC_ISA_USAGE = YES_ERROR;
				CLANG_WARN_DOCUMENTATION_COMMENTS = YES;
				CLANG_WARN_EMPTY_BODY = YES;
				CLANG_WARN_ENUM_CONVERSION = YES;
				CLANG_WARN_INFINITE_RECURSION = YES;
				CLANG_WARN_INT_CONVERSION = YES;
				CLANG_WARN_OBJC_ROOT_CLASS = YES_ERROR;
				CLANG_WARN_SUSPICIOUS_MOVE = YES;
				CLANG_WARN_UNREACHABLE_CODE = YES;
				CLANG_WARN__DUPLICATE_METHOD_MATCH = YES;
				"CODE_SIGN_IDENTITY[sdk=iphoneos*]" = "iPhone Developer";
				COPY_PHASE_STRIP = NO;
				DEBUG_INFORMATION_FORMAT = dwarf;
				ENABLE_STRICT_OBJC_MSGSEND = YES;
				ENABLE_TESTABILITY = YES;
				GCC_C_LANGUAGE_STANDARD = gnu99;
				GCC_DYNAMIC_NO_PIC = NO;
				GCC_NO_COMMON_BLOCKS = YES;
				GCC_OPTIMIZATION_LEVEL = 0;
				GCC_PREPROCESSOR_DEFINITIONS = (
					"DEBUG=1",
					"$(inherited)",
				);
				GCC_WARN_64_TO_32_BIT_CONVERSION = YES;
				GCC_WARN_ABOUT_RETURN_TYPE = YES_ERROR;
				GCC_WARN_UNDECLARED_SELECTOR = YES;
				GCC_WARN_UNINITIALIZED_AUTOS = YES_AGGRESSIVE;
				GCC_WARN_UNUSED_FUNCTION = YES;
				GCC_WARN_UNUSED_VARIABLE = YES;
				IPHONEOS_DEPLOYMENT_TARGET = 10.3;
				MTL_ENABLE_DEBUG_INFO = YES;
				ONLY_ACTIVE_ARCH = YES;
				SDKROOT = iphoneos;
				SWIFT_ACTIVE_COMPILATION_CONDITIONS = DEBUG;
				SWIFT_OPTIMIZATION_LEVEL = "-Onone";
			};
			name = Debug;
		};
		7CC3B9B61F2E1AC100409BDE /* Release */ = {
			isa = XCBuildConfiguration;
			buildSettings = {
				ALWAYS_SEARCH_USER_PATHS = NO;
				CLANG_ANALYZER_NONNULL = YES;
				CLANG_ANALYZER_NUMBER_OBJECT_CONVERSION = YES_AGGRESSIVE;
				CLANG_CXX_LANGUAGE_STANDARD = "gnu++0x";
				CLANG_CXX_LIBRARY = "libc++";
				CLANG_ENABLE_MODULES = YES;
				CLANG_ENABLE_OBJC_ARC = YES;
				CLANG_WARN_BOOL_CONVERSION = YES;
				CLANG_WARN_CONSTANT_CONVERSION = YES;
				CLANG_WARN_DIRECT_OBJC_ISA_USAGE = YES_ERROR;
				CLANG_WARN_DOCUMENTATION_COMMENTS = YES;
				CLANG_WARN_EMPTY_BODY = YES;
				CLANG_WARN_ENUM_CONVERSION = YES;
				CLANG_WARN_INFINITE_RECURSION = YES;
				CLANG_WARN_INT_CONVERSION = YES;
				CLANG_WARN_OBJC_ROOT_CLASS = YES_ERROR;
				CLANG_WARN_SUSPICIOUS_MOVE = YES;
				CLANG_WARN_UNREACHABLE_CODE = YES;
				CLANG_WARN__DUPLICATE_METHOD_MATCH = YES;
				"CODE_SIGN_IDENTITY[sdk=iphoneos*]" = "iPhone Developer";
				COPY_PHASE_STRIP = NO;
				DEBUG_INFORMATION_FORMAT = "dwarf-with-dsym";
				ENABLE_NS_ASSERTIONS = NO;
				ENABLE_STRICT_OBJC_MSGSEND = YES;
				GCC_C_LANGUAGE_STANDARD = gnu99;
				GCC_NO_COMMON_BLOCKS = YES;
				GCC_WARN_64_TO_32_BIT_CONVERSION = YES;
				GCC_WARN_ABOUT_RETURN_TYPE = YES_ERROR;
				GCC_WARN_UNDECLARED_SELECTOR = YES;
				GCC_WARN_UNINITIALIZED_AUTOS = YES_AGGRESSIVE;
				GCC_WARN_UNUSED_FUNCTION = YES;
				GCC_WARN_UNUSED_VARIABLE = YES;
				IPHONEOS_DEPLOYMENT_TARGET = 10.3;
				MTL_ENABLE_DEBUG_INFO = NO;
				SDKROOT = iphoneos;
				SWIFT_OPTIMIZATION_LEVEL = "-Owholemodule";
				VALIDATE_PRODUCT = YES;
			};
			name = Release;
		};
		7CC3B9B81F2E1AC100409BDE /* Debug */ = {
			isa = XCBuildConfiguration;
			buildSettings = {
				ASSETCATALOG_COMPILER_APPICON_NAME = AppIcon;
				DEVELOPMENT_TEAM = 8E9Y56P64W;
				INFOPLIST_FILE = "Voice Calculator/Info.plist";
				LD_RUNPATH_SEARCH_PATHS = "$(inherited) @executable_path/Frameworks";
				PRODUCT_BUNDLE_IDENTIFIER = "com.oleg-dreyman.Voice-Calculator";
				PRODUCT_NAME = "$(TARGET_NAME)";
				SWIFT_VERSION = 3.0;
			};
			name = Debug;
		};
		7CC3B9B91F2E1AC100409BDE /* Release */ = {
			isa = XCBuildConfiguration;
			buildSettings = {
				ASSETCATALOG_COMPILER_APPICON_NAME = AppIcon;
				DEVELOPMENT_TEAM = 8E9Y56P64W;
				INFOPLIST_FILE = "Voice Calculator/Info.plist";
				LD_RUNPATH_SEARCH_PATHS = "$(inherited) @executable_path/Frameworks";
				PRODUCT_BUNDLE_IDENTIFIER = "com.oleg-dreyman.Voice-Calculator";
				PRODUCT_NAME = "$(TARGET_NAME)";
				SWIFT_VERSION = 3.0;
			};
			name = Release;
		};
/* End XCBuildConfiguration section */

/* Begin XCConfigurationList section */
		7CC3B9A01F2E1AC100409BDE /* Build configuration list for PBXProject "Voice Calculator" */ = {
			isa = XCConfigurationList;
			buildConfigurations = (
				7CC3B9B51F2E1AC100409BDE /* Debug */,
				7CC3B9B61F2E1AC100409BDE /* Release */,
			);
			defaultConfigurationIsVisible = 0;
			defaultConfigurationName = Release;
		};
		7CC3B9B71F2E1AC100409BDE /* Build configuration list for PBXNativeTarget "Voice Calculator" */ = {
			isa = XCConfigurationList;
			buildConfigurations = (
				7CC3B9B81F2E1AC100409BDE /* Debug */,
				7CC3B9B91F2E1AC100409BDE /* Release */,
			);
			defaultConfigurationIsVisible = 0;
			defaultConfigurationName = Release;
		};
/* End XCConfigurationList section */
	};
	rootObject = 7CC3B99D1F2E1AC100409BDE /* Project object */;
}
